
Microsoft Visual Studio Solution File, Format Version 12.00
# Visual Studio 15
VisualStudioVersion = 15.0.27130.2026
MinimumVisualStudioVersion = 10.0.40219.1
Project("{FAE04EC0-301F-11D3-BF4B-00C04F79EFBC}") = "Pazaak", "Pazaak.csproj", "{8FB17484-B40F-438A-914D-E9EFB926BAA2}"
EndProject
Global
	GlobalSection(SolutionConfigurationPlatforms) = preSolution
		Debug|Any CPU = Debug|Any CPU
		Release|Any CPU = Release|Any CPU
	EndGlobalSection
	GlobalSection(ProjectConfigurationPlatforms) = postSolution
		{8FB17484-B40F-438A-914D-E9EFB926BAA2}.Debug|Any CPU.ActiveCfg = Debug|Any CPU
		{8FB17484-B40F-438A-914D-E9EFB926BAA2}.Debug|Any CPU.Build.0 = Debug|Any CPU
		{8FB17484-B40F-438A-914D-E9EFB926BAA2}.Release|Any CPU.ActiveCfg = Release|Any CPU
		{8FB17484-B40F-438A-914D-E9EFB926BAA2}.Release|Any CPU.Build.0 = Release|Any CPU
	EndGlobalSection
	GlobalSection(SolutionProperties) = preSolution
		HideSolutionNode = FALSE
	EndGlobalSection
	GlobalSection(ExtensibilityGlobals) = postSolution
		SolutionGuid = {28F7BC5F-982A-4CCC-A8D4-6A6E31D26CD2}
	EndGlobalSection
EndGlobal
